
Microsoft Visual Studio Solution File, Format Version 12.00
# Visual Studio 15
VisualStudioVersion = 15.0.28010.2026
MinimumVisualStudioVersion = 10.0.40219.1
Project("{FAE04EC0-301F-11D3-BF4B-00C04F79EFBC}") = "PlanetDDSAPI", "PlanetDDSAPI\PlanetDDSAPI.csproj", "{57625EE9-7ACC-47C5-B2AC-27EAE3EA938D}"
EndProject
Project("{FAE04EC0-301F-11D3-BF4B-00C04F79EFBC}") = "Repository", "Repository\Repository.csproj", "{0C942050-262B-412A-BB1F-5AA50E573CF9}"
EndProject
Project("{FAE04EC0-301F-11D3-BF4B-00C04F79EFBC}") = "Service", "Service\Service.csproj", "{A580159C-AB37-461D-8DBB-863D62C0874E}"
EndProject
Global
	GlobalSection(SolutionConfigurationPlatforms) = preSolution
		Debug|Any CPU = Debug|Any CPU
		Release|Any CPU = Release|Any CPU
	EndGlobalSection
	GlobalSection(ProjectConfigurationPlatforms) = postSolution
		{57625EE9-7ACC-47C5-B2AC-27EAE3EA938D}.Debug|Any CPU.ActiveCfg = Debug|Any CPU
		{57625EE9-7ACC-47C5-B2AC-27EAE3EA938D}.Debug|Any CPU.Build.0 = Debug|Any CPU
		{57625EE9-7ACC-47C5-B2AC-27EAE3EA938D}.Release|Any CPU.ActiveCfg = Release|Any CPU
		{57625EE9-7ACC-47C5-B2AC-27EAE3EA938D}.Release|Any CPU.Build.0 = Release|Any CPU
		{0C942050-262B-412A-BB1F-5AA50E573CF9}.Debug|Any CPU.ActiveCfg = Debug|Any CPU
		{0C942050-262B-412A-BB1F-5AA50E573CF9}.Debug|Any CPU.Build.0 = Debug|Any CPU
		{0C942050-262B-412A-BB1F-5AA50E573CF9}.Release|Any CPU.ActiveCfg = Release|Any CPU
		{0C942050-262B-412A-BB1F-5AA50E573CF9}.Release|Any CPU.Build.0 = Release|Any CPU
		{A580159C-AB37-461D-8DBB-863D62C0874E}.Debug|Any CPU.ActiveCfg = Debug|Any CPU
		{A580159C-AB37-461D-8DBB-863D62C0874E}.Debug|Any CPU.Build.0 = Debug|Any CPU
		{A580159C-AB37-461D-8DBB-863D62C0874E}.Release|Any CPU.ActiveCfg = Release|Any CPU
		{A580159C-AB37-461D-8DBB-863D62C0874E}.Release|Any CPU.Build.0 = Release|Any CPU
	EndGlobalSection
	GlobalSection(SolutionProperties) = preSolution
		HideSolutionNode = FALSE
	EndGlobalSection
	GlobalSection(ExtensibilityGlobals) = postSolution
		SolutionGuid = {C05423F3-C855-45CF-BD7E-B473BB3B337E}
	EndGlobalSection
EndGlobal
